
Microsoft Visual Studio Solution File, Format Version 12.00
# Visual Studio Version 17
VisualStudioVersion = 17.14.36518.9
MinimumVisualStudioVersion = 10.0.40219.1
Project("{FAE04EC0-301F-11D3-BF4B-00C04F79EFBC}") = "DataContainers", "DataContainers\DataContainers.csproj", "{567E442F-22F2-49F9-B344-3F9D2A99F231}"
EndProject
Project("{8BC9CEB8-8B4A-11D0-8D11-00A0C91BC942}") = "ForwardList", "ForwardList\ForwardList.vcxproj", "{87BBF417-7186-4991-AD14-4D9ED6D3AD2C}"
EndProject
Project("{8BC9CEB8-8B4A-11D0-8D11-00A0C91BC942}") = "List", "List\List.vcxproj", "{244DEEA2-70B9-4C35-B63D-2A6DDB3C3F3E}"
EndProject
Global
	GlobalSection(SolutionConfigurationPlatforms) = preSolution
		Debug|Any CPU = Debug|Any CPU
		Debug|x64 = Debug|x64
		Debug|x86 = Debug|x86
		Release|Any CPU = Release|Any CPU
		Release|x64 = Release|x64
		Release|x86 = Release|x86
	EndGlobalSection
	GlobalSection(ProjectConfigurationPlatforms) = postSolution
		{567E442F-22F2-49F9-B344-3F9D2A99F231}.Debug|Any CPU.ActiveCfg = Debug|Any CPU
		{567E442F-22F2-49F9-B344-3F9D2A99F231}.Debug|Any CPU.Build.0 = Debug|Any CPU
		{567E442F-22F2-49F9-B344-3F9D2A99F231}.Debug|x64.ActiveCfg = Debug|Any CPU
		{567E442F-22F2-49F9-B344-3F9D2A99F231}.Debug|x64.Build.0 = Debug|Any CPU
		{567E442F-22F2-49F9-B344-3F9D2A99F231}.Debug|x86.ActiveCfg = Debug|Any CPU
		{567E442F-22F2-49F9-B344-3F9D2A99F231}.Debug|x86.Build.0 = Debug|Any CPU
		{567E442F-22F2-49F9-B344-3F9D2A99F231}.Release|Any CPU.ActiveCfg = Release|Any CPU
		{567E442F-22F2-49F9-B344-3F9D2A99F231}.Release|Any CPU.Build.0 = Release|Any CPU
		{567E442F-22F2-49F9-B344-3F9D2A99F231}.Release|x64.ActiveCfg = Release|Any CPU
		{567E442F-22F2-49F9-B344-3F9D2A99F231}.Release|x64.Build.0 = Release|Any CPU
		{567E442F-22F2-49F9-B344-3F9D2A99F231}.Release|x86.ActiveCfg = Release|Any CPU
		{567E442F-22F2-49F9-B344-3F9D2A99F231}.Release|x86.Build.0 = Release|Any CPU
		{87BBF417-7186-4991-AD14-4D9ED6D3AD2C}.Debug|Any CPU.ActiveCfg = Debug|x64
		{87BBF417-7186-4991-AD14-4D9ED6D3AD2C}.Debug|Any CPU.Build.0 = Debug|x64
		{87BBF417-7186-4991-AD14-4D9ED6D3AD2C}.Debug|x64.ActiveCfg = Debug|x64
		{87BBF417-7186-4991-AD14-4D9ED6D3AD2C}.Debug|x64.Build.0 = Debug|x64
		{87BBF417-7186-4991-AD14-4D9ED6D3AD2C}.Debug|x86.ActiveCfg = Debug|Win32
		{87BBF417-7186-4991-AD14-4D9ED6D3AD2C}.Debug|x86.Build.0 = Debug|Win32
		{87BBF417-7186-4991-AD14-4D9ED6D3AD2C}.Release|Any CPU.ActiveCfg = Release|x64
		{87BBF417-7186-4991-AD14-4D9ED6D3AD2C}.Release|Any CPU.Build.0 = Release|x64
		{87BBF417-7186-4991-AD14-4D9ED6D3AD2C}.Release|x64.ActiveCfg = Release|x64
		{87BBF417-7186-4991-AD14-4D9ED6D3AD2C}.Release|x64.Build.0 = Release|x64
		{87BBF417-7186-4991-AD14-4D9ED6D3AD2C}.Release|x86.ActiveCfg = Release|Win32
		{87BBF417-7186-4991-AD14-4D9ED6D3AD2C}.Release|x86.Build.0 = Release|Win32
		{244DEEA2-70B9-4C35-B63D-2A6DDB3C3F3E}.Debug|Any CPU.ActiveCfg = Debug|x64
		{244DEEA2-70B9-4C35-B63D-2A6DDB3C3F3E}.Debug|Any CPU.Build.0 = Debug|x64
		{244DEEA2-70B9-4C35-B63D-2A6DDB3C3F3E}.Debug|x64.ActiveCfg = Debug|x64
		{244DEEA2-70B9-4C35-B63D-2A6DDB3C3F3E}.Debug|x64.Build.0 = Debug|x64
		{244DEEA2-70B9-4C35-B63D-2A6DDB3C3F3E}.Debug|x86.ActiveCfg = Debug|Win32
		{244DEEA2-70B9-4C35-B63D-2A6DDB3C3F3E}.Debug|x86.Build.0 = Debug|Win32
		{244DEEA2-70B9-4C35-B63D-2A6DDB3C3F3E}.Release|Any CPU.ActiveCfg = Release|x64
		{244DEEA2-70B9-4C35-B63D-2A6DDB3C3F3E}.Release|Any CPU.Build.0 = Release|x64
		{244DEEA2-70B9-4C35-B63D-2A6DDB3C3F3E}.Release|x64.ActiveCfg = Release|x64
		{244DEEA2-70B9-4C35-B63D-2A6DDB3C3F3E}.Release|x64.Build.0 = Release|x64
		{244DEEA2-70B9-4C35-B63D-2A6DDB3C3F3E}.Release|x86.ActiveCfg = Release|Win32
		{244DEEA2-70B9-4C35-B63D-2A6DDB3C3F3E}.Release|x86.Build.0 = Release|Win32
	EndGlobalSection
	GlobalSection(SolutionProperties) = preSolution
		HideSolutionNode = FALSE
	EndGlobalSection
	GlobalSection(ExtensibilityGlobals) = postSolution
		SolutionGuid = {59177A88-1073-465E-BCCD-F0B05E664B04}
	EndGlobalSection
EndGlobal
